# This file is automatically @generated by Poetry 1.5.1 and should not be changed by hand.

[[package]]
name = "atomicwrites"
version = "1.4.1"
description = "Atomic file writes."
optional = false
python-versions = ">=2.7, !=3.0.*, !=3.1.*, !=3.2.*, !=3.3.*"
files = [
    {file = "atomicwrites-1.4.1.tar.gz", hash = "sha256:81b2c9071a49367a7f770170e5eec8cb66567cfbbc8c73d20ce5ca4a8d71cf11"},
]

[[package]]
name = "attrs"
version = "23.1.0"
description = "Classes Without Boilerplate"
optional = false
python-versions = ">=3.7"
files = [
    {file = "attrs-23.1.0-py3-none-any.whl", hash = "sha256:1f28b4522cdc2fb4256ac1a020c78acf9cba2c6b461ccd2c126f3aa8e8335d04"},
    {file = "attrs-23.1.0.tar.gz", hash = "sha256:6279836d581513a26f1bf235f9acd333bc9115683f14f7e8fae46c98fc50e015"},
]

[package.extras]
cov = ["attrs[tests]", "coverage[toml] (>=5.3)"]
dev = ["attrs[docs,tests]", "pre-commit"]
docs = ["furo", "myst-parser", "sphinx", "sphinx-notfound-page", "sphinxcontrib-towncrier", "towncrier", "zope-interface"]
tests = ["attrs[tests-no-zope]", "zope-interface"]
tests-no-zope = ["cloudpickle", "hypothesis", "mypy (>=1.1.1)", "pympler", "pytest (>=4.3.0)", "pytest-mypy-plugins", "pytest-xdist[psutil]"]

[[package]]
name = "colorama"
version = "0.4.6"
description = "Cross-platform colored terminal text."
optional = false
python-versions = "!=3.0.*,!=3.1.*,!=3.2.*,!=3.3.*,!=3.4.*,!=3.5.*,!=3.6.*,>=2.7"
files = [
    {file = "colorama-0.4.6-py2.py3-none-any.whl", hash = "sha256:4f1d9991f5acc0ca119f9d443620b77f9d6b33703e51011c16baf57afb285fc6"},
    {file = "colorama-0.4.6.tar.gz", hash = "sha256:08695f5cb7ed6e0531a20572697297273c47b8cae5a63ffc6d6ed5c201be6e44"},
]

[[package]]
name = "iniconfig"
version = "2.0.0"
description = "brain-dead simple config-ini parsing"
optional = false
python-versions = ">=3.7"
files = [
    {file = "iniconfig-2.0.0-py3-none-any.whl", hash = "sha256:b6a85871a79d2e3b22d2d1b94ac2824226a63c6b741c88f7ae975f18b6778374"},
    {file = "iniconfig-2.0.0.tar.gz", hash = "sha256:2d91e135bf72d31a410b17c16da610a82cb55f6b0477d1a902134b24a455b8b3"},
]

[[package]]
name = "mypy"
version = "0.910"
description = "Optional static typing for Python"
optional = false
python-versions = ">=3.5"
files = [
    {file = "mypy-0.910-cp35-cp35m-macosx_10_9_x86_64.whl", hash = "sha256:a155d80ea6cee511a3694b108c4494a39f42de11ee4e61e72bc424c490e46457"},
    {file = "mypy-0.910-cp35-cp35m-manylinux1_x86_64.whl", hash = "sha256:b94e4b785e304a04ea0828759172a15add27088520dc7e49ceade7834275bedb"},
    {file = "mypy-0.910-cp35-cp35m-manylinux2010_x86_64.whl", hash = "sha256:088cd9c7904b4ad80bec811053272986611b84221835e079be5bcad029e79dd9"},
    {file = "mypy-0.910-cp35-cp35m-win_amd64.whl", hash = "sha256:adaeee09bfde366d2c13fe6093a7df5df83c9a2ba98638c7d76b010694db760e"},
    {file = "mypy-0.910-cp36-cp36m-macosx_10_9_x86_64.whl", hash = "sha256:ecd2c3fe726758037234c93df7e98deb257fd15c24c9180dacf1ef829da5f921"},
    {file = "mypy-0.910-cp36-cp36m-manylinux1_x86_64.whl", hash = "sha256:d9dd839eb0dc1bbe866a288ba3c1afc33a202015d2ad83b31e875b5905a079b6"},
    {file = "mypy-0.910-cp36-cp36m-manylinux2010_x86_64.whl", hash = "sha256:3e382b29f8e0ccf19a2df2b29a167591245df90c0b5a2542249873b5c1d78212"},
    {file = "mypy-0.910-cp36-cp36m-win_amd64.whl", hash = "sha256:53fd2eb27a8ee2892614370896956af2ff61254c275aaee4c230ae771cadd885"},
    {file = "mypy-0.910-cp37-cp37m-macosx_10_9_x86_64.whl", hash = "sha256:b6fb13123aeef4a3abbcfd7e71773ff3ff1526a7d3dc538f3929a49b42be03f0"},
    {file = "mypy-0.910-cp37-cp37m-manylinux1_x86_64.whl", hash = "sha256:e4dab234478e3bd3ce83bac4193b2ecd9cf94e720ddd95ce69840273bf44f6de"},
    {file = "mypy-0.910-cp37-cp37m-manylinux2010_x86_64.whl", hash = "sha256:7df1ead20c81371ccd6091fa3e2878559b5c4d4caadaf1a484cf88d93ca06703"},
    {file = "mypy-0.910-cp37-cp37m-win_amd64.whl", hash = "sha256:0aadfb2d3935988ec3815952e44058a3100499f5be5b28c34ac9d79f002a4a9a"},
    {file = "mypy-0.910-cp38-cp38-macosx_10_9_x86_64.whl", hash = "sha256:ec4e0cd079db280b6bdabdc807047ff3e199f334050db5cbb91ba3e959a67504"},
    {file = "mypy-0.910-cp38-cp38-manylinux1_x86_64.whl", hash = "sha256:119bed3832d961f3a880787bf621634ba042cb8dc850a7429f643508eeac97b9"},
    {file = "mypy-0.910-cp38-cp38-manylinux2010_x86_64.whl", hash = "sha256:866c41f28cee548475f146aa4d39a51cf3b6a84246969f3759cb3e9c742fc072"},
    {file = "mypy-0.910-cp38-cp38-win_amd64.whl", hash = "sha256:ceb6e0a6e27fb364fb3853389607cf7eb3a126ad335790fa1e14ed02fba50811"},
    {file = "mypy-0.910-cp39-cp39-macosx_10_9_x86_64.whl", hash = "sha256:1a85e280d4d217150ce8cb1a6dddffd14e753a4e0c3cf90baabb32cefa41b59e"},
    {file = "mypy-0.910-cp39-cp39-macosx_11_0_arm64.whl", hash = "sha256:42c266ced41b65ed40a282c575705325fa7991af370036d3f134518336636f5b"},
    {file = "mypy-0.910-cp39-cp39-manylinux1_x86_64.whl", hash = "sha256:3c4b8ca36877fc75339253721f69603a9c7fdb5d4d5a95a1a1b899d8b86a4de2"},
    {file = "mypy-0.910-cp39-cp39-manylinux2010_x86_64.whl", hash = "sha256:c0df2d30ed496a08de5daed2a9ea807d07c21ae0ab23acf541ab88c24b26ab97"},
    {file = "mypy-0.910-cp39-cp39-win_amd64.whl", hash = "sha256:c6c2602dffb74867498f86e6129fd52a2770c48b7cd3ece77ada4fa38f94eba8"},
    {file = "mypy-0.910-py3-none-any.whl", hash = "sha256:ef565033fa5a958e62796867b1df10c40263ea9ded87164d67572834e57a174d"},
    {file = "mypy-0.910.tar.gz", hash = "sha256:704098302473cb31a218f1775a873b376b30b4c18229421e9e9dc8916fd16150"},
]

[package.dependencies]
mypy-extensions = ">=0.4.3,<0.5.0"
toml = "*"
typing-extensions = ">=3.7.4"

[package.extras]
dmypy = ["psutil (>=4.0)"]
python2 = ["typed-ast (>=1.4.0,<1.5.0)"]

[[package]]
name = "mypy-extensions"
version = "0.4.4"
description = "Experimental type system extensions for programs checked with the mypy typechecker."
optional = false
python-versions = ">=2.7"
files = [
    {file = "mypy_extensions-0.4.4.tar.gz", hash = "sha256:c8b707883a96efe9b4bb3aaf0dcc07e7e217d7d8368eec4db4049ee9e142f4fd"},
]

[[package]]
name = "packaging"
version = "23.1"
description = "Core utilities for Python packages"
optional = false
python-versions = ">=3.7"
files = [
    {file = "packaging-23.1-py3-none-any.whl", hash = "sha256:994793af429502c4ea2ebf6bf664629d07c1a9fe974af92966e4b8d2df7edc61"},
    {file = "packaging-23.1.tar.gz", hash = "sha256:a392980d2b6cffa644431898be54b0045151319d1e7ec34f0cfed48767dd334f"},
]

[[package]]
name = "pendulum"
version = "2.1.2"
description = "Python datetimes made easy"
optional = false
python-versions = ">=2.7, !=3.0.*, !=3.1.*, !=3.2.*, !=3.3.*, !=3.4.*"
files = [
    {file = "pendulum-2.1.2-cp27-cp27m-macosx_10_15_x86_64.whl", hash = "sha256:b6c352f4bd32dff1ea7066bd31ad0f71f8d8100b9ff709fb343f3b86cee43efe"},
    {file = "pendulum-2.1.2-cp27-cp27m-win_amd64.whl", hash = "sha256:318f72f62e8e23cd6660dbafe1e346950281a9aed144b5c596b2ddabc1d19739"},
    {file = "pendulum-2.1.2-cp35-cp35m-macosx_10_15_x86_64.whl", hash = "sha256:0731f0c661a3cb779d398803655494893c9f581f6488048b3fb629c2342b5394"},
    {file = "pendulum-2.1.2-cp35-cp35m-manylinux1_i686.whl", hash = "sha256:3481fad1dc3f6f6738bd575a951d3c15d4b4ce7c82dce37cf8ac1483fde6e8b0"},
    {file = "pendulum-2.1.2-cp35-cp35m-manylinux1_x86_64.whl", hash = "sha256:9702069c694306297ed362ce7e3c1ef8404ac8ede39f9b28b7c1a7ad8c3959e3"},
    {file = "pendulum-2.1.2-cp35-cp35m-win_amd64.whl", hash = "sha256:fb53ffa0085002ddd43b6ca61a7b34f2d4d7c3ed66f931fe599e1a531b42af9b"},
    {file = "pendulum-2.1.2-cp36-cp36m-macosx_10_15_x86_64.whl", hash = "sha256:c501749fdd3d6f9e726086bf0cd4437281ed47e7bca132ddb522f86a1645d360"},
    {file = "pendulum-2.1.2-cp36-cp36m-manylinux1_i686.whl", hash = "sha256:c807a578a532eeb226150d5006f156632df2cc8c5693d778324b43ff8c515dd0"},
    {file = "pendulum-2.1.2-cp36-cp36m-manylinux1_x86_64.whl", hash = "sha256:2d1619a721df661e506eff8db8614016f0720ac171fe80dda1333ee44e684087"},
    {file = "pendulum-2.1.2-cp36-cp36m-win_amd64.whl", hash = "sha256:f888f2d2909a414680a29ae74d0592758f2b9fcdee3549887779cd4055e975db"},
    {file = "pendulum-2.1.2-cp37-cp37m-macosx_10_15_x86_64.whl", hash = "sha256:e95d329384717c7bf627bf27e204bc3b15c8238fa8d9d9781d93712776c14002"},
    {file = "pendulum-2.1.2-cp37-cp37m-manylinux1_i686.whl", hash = "sha256:4c9c689747f39d0d02a9f94fcee737b34a5773803a64a5fdb046ee9cac7442c5"},
    {file = "pendulum-2.1.2-cp37-cp37m-manylinux1_x86_64.whl", hash = "sha256:1245cd0075a3c6d889f581f6325dd8404aca5884dea7223a5566c38aab94642b"},
    {file = "pendulum-2.1.2-cp37-cp37m-win_amd64.whl", hash = "sha256:db0a40d8bcd27b4fb46676e8eb3c732c67a5a5e6bfab8927028224fbced0b40b"},
    {file = "pendulum-2.1.2-cp38-cp38-macosx_10_15_x86_64.whl", hash = "sha256:f5e236e7730cab1644e1b87aca3d2ff3e375a608542e90fe25685dae46310116"},
    {file = "pendulum-2.1.2-cp38-cp38-manylinux1_i686.whl", hash = "sha256:de42ea3e2943171a9e95141f2eecf972480636e8e484ccffaf1e833929e9e052"},
    {file = "pendulum-2.1.2-cp38-cp38-manylinux1_x86_64.whl", hash = "sha256:7c5ec650cb4bec4c63a89a0242cc8c3cebcec92fcfe937c417ba18277d8560be"},
    {file = "pendulum-2.1.2-cp38-cp38-win_amd64.whl", hash = "sha256:33fb61601083f3eb1d15edeb45274f73c63b3c44a8524703dc143f4212bf3269"},
    {file = "pendulum-2.1.2-cp39-cp39-manylinux1_i686.whl", hash = "sha256:29c40a6f2942376185728c9a0347d7c0f07905638c83007e1d262781f1e6953a"},
    {file = "pendulum-2.1.2-cp39-cp39-manylinux1_x86_64.whl", hash = "sha256:94b1fc947bfe38579b28e1cccb36f7e28a15e841f30384b5ad6c5e31055c85d7"},
    {file = "pendulum-2.1.2.tar.gz", hash = "sha256:b06a0ca1bfe41c990bbf0c029f0b6501a7f2ec4e38bfec730712015e8860f207"},
]

[package.dependencies]
python-dateutil = ">=2.6,<3.0"
pytzdata = ">=2020.1"

[[package]]
name = "pluggy"
version = "1.3.0"
description = "plugin and hook calling mechanisms for python"
optional = false
python-versions = ">=3.8"
files = [
    {file = "pluggy-1.3.0-py3-none-any.whl", hash = "sha256:d89c696a773f8bd377d18e5ecda92b7a3793cbe66c87060a6fb58c7b6e1061f7"},
    {file = "pluggy-1.3.0.tar.gz", hash = "sha256:cf61ae8f126ac6f7c451172cf30e3e43d3ca77615509771b3a984a0730651e12"},
]

[package.extras]
dev = ["pre-commit", "tox"]
testing = ["pytest", "pytest-benchmark"]

[[package]]
name = "py"
version = "1.11.0"
description = "library with cross-python path, ini-parsing, io, code, log facilities"
optional = false
python-versions = ">=2.7, !=3.0.*, !=3.1.*, !=3.2.*, !=3.3.*, !=3.4.*"
files = [
    {file = "py-1.11.0-py2.py3-none-any.whl", hash = "sha256:607c53218732647dff4acdfcd50cb62615cedf612e72d1724fb1a0cc6405b378"},
    {file = "py-1.11.0.tar.gz", hash = "sha256:51c75c4126074b472f746a24399ad32f6053d1b34b68d2fa41e558e6f4a98719"},
]

[[package]]
name = "py-buzz"
version = "4.1.0"
description = "\"That's not flying, it's falling with style\": Exceptions with extras"
optional = false
python-versions = ">=3.8,<4.0"
files = [
    {file = "py_buzz-4.1.0-py3-none-any.whl", hash = "sha256:77dc0dc9c9923b6f8079dc2e2c3b4fbebd2308acaca1500f8eda2711cd308f97"},
    {file = "py_buzz-4.1.0.tar.gz", hash = "sha256:ac11dba4922b2af114126044597d2fcd15e8c6a74368bed91f3c6732c8f09812"},
]

[[package]]
name = "pytest"
version = "6.2.5"
description = "pytest: simple powerful testing with Python"
optional = false
python-versions = ">=3.6"
files = [
    {file = "pytest-6.2.5-py3-none-any.whl", hash = "sha256:7310f8d27bc79ced999e760ca304d69f6ba6c6649c0b60fb0e04a4a77cacc134"},
    {file = "pytest-6.2.5.tar.gz", hash = "sha256:131b36680866a76e6781d13f101efb86cf674ebb9762eb70d3082b6f29889e89"},
]

[package.dependencies]
atomicwrites = {version = ">=1.0", markers = "sys_platform == \"win32\""}
attrs = ">=19.2.0"
colorama = {version = "*", markers = "sys_platform == \"win32\""}
iniconfig = "*"
packaging = "*"
pluggy = ">=0.12,<2.0"
py = ">=1.8.2"
toml = "*"

[package.extras]
testing = ["argcomplete", "hypothesis (>=3.56)", "mock", "nose", "requests", "xmlschema"]

[[package]]
name = "pytest-random-order"
version = "1.1.0"
description = "Randomise the order in which pytest tests are run with some control over the randomness"
optional = false
python-versions = ">=3.5.0"
files = [
    {file = "pytest-random-order-1.1.0.tar.gz", hash = "sha256:dbe6debb9353a7af984cc9eddbeb3577dd4dbbcc1529a79e3d21f68ed9b45605"},
    {file = "pytest_random_order-1.1.0-py3-none-any.whl", hash = "sha256:6cb1e59ab0f798bb0c3488c11ae0c70d7d3340306a466d28b28ccd8ef8c20b7e"},
]

[package.dependencies]
pytest = ">=3.0.0"

[[package]]
name = "python-dateutil"
version = "2.8.2"
description = "Extensions to the standard Python datetime module"
optional = false
python-versions = "!=3.0.*,!=3.1.*,!=3.2.*,>=2.7"
files = [
    {file = "python-dateutil-2.8.2.tar.gz", hash = "sha256:0123cacc1627ae19ddf3c27a5de5bd67ee4586fbdd6440d9748f8abb483d3e86"},
    {file = "python_dateutil-2.8.2-py2.py3-none-any.whl", hash = "sha256:961d03dc3453ebbc59dbdea9e4e11c5651520a876d0f4db161e8674aae935da9"},
]

[package.dependencies]
six = ">=1.5"

[[package]]
name = "pytzdata"
version = "2020.1"
description = "The Olson timezone database for Python."
optional = false
python-versions = ">=2.7, !=3.0.*, !=3.1.*, !=3.2.*, !=3.3.*"
files = [
    {file = "pytzdata-2020.1-py2.py3-none-any.whl", hash = "sha256:e1e14750bcf95016381e4d472bad004eef710f2d6417240904070b3d6654485f"},
    {file = "pytzdata-2020.1.tar.gz", hash = "sha256:3efa13b335a00a8de1d345ae41ec78dd11c9f8807f522d39850f2dd828681540"},
]

[[package]]
name = "ruff"
version = "0.0.286"
description = "An extremely fast Python linter, written in Rust."
optional = false
python-versions = ">=3.7"
files = [
    {file = "ruff-0.0.286-py3-none-macosx_10_7_x86_64.whl", hash = "sha256:8e22cb557e7395893490e7f9cfea1073d19a5b1dd337f44fd81359b2767da4e9"},
    {file = "ruff-0.0.286-py3-none-macosx_10_9_x86_64.macosx_11_0_arm64.macosx_10_9_universal2.whl", hash = "sha256:68ed8c99c883ae79a9133cb1a86d7130feee0397fdf5ba385abf2d53e178d3fa"},
    {file = "ruff-0.0.286-py3-none-manylinux_2_17_aarch64.manylinux2014_aarch64.whl", hash = "sha256:8301f0bb4ec1a5b29cfaf15b83565136c47abefb771603241af9d6038f8981e8"},
    {file = "ruff-0.0.286-py3-none-manylinux_2_17_armv7l.manylinux2014_armv7l.whl", hash = "sha256:acc4598f810bbc465ce0ed84417ac687e392c993a84c7eaf3abf97638701c1ec"},
    {file = "ruff-0.0.286-py3-none-manylinux_2_17_i686.manylinux2014_i686.whl", hash = "sha256:88c8e358b445eb66d47164fa38541cfcc267847d1e7a92dd186dddb1a0a9a17f"},
    {file = "ruff-0.0.286-py3-none-manylinux_2_17_ppc64.manylinux2014_ppc64.whl", hash = "sha256:0433683d0c5dbcf6162a4beb2356e820a593243f1fa714072fec15e2e4f4c939"},
    {file = "ruff-0.0.286-py3-none-manylinux_2_17_ppc64le.manylinux2014_ppc64le.whl", hash = "sha256:ddb61a0c4454cbe4623f4a07fef03c5ae921fe04fede8d15c6e36703c0a73b07"},
    {file = "ruff-0.0.286-py3-none-manylinux_2_17_s390x.manylinux2014_s390x.whl", hash = "sha256:47549c7c0be24c8ae9f2bce6f1c49fbafea83bca80142d118306f08ec7414041"},
    {file = "ruff-0.0.286-py3-none-manylinux_2_17_x86_64.manylinux2014_x86_64.whl", hash = "sha256:559aa793149ac23dc4310f94f2c83209eedb16908a0343663be19bec42233d25"},
    {file = "ruff-0.0.286-py3-none-musllinux_1_2_aarch64.whl", hash = "sha256:d73cfb1c3352e7aa0ce6fb2321f36fa1d4a2c48d2ceac694cb03611ddf0e4db6"},
    {file = "ruff-0.0.286-py3-none-musllinux_1_2_armv7l.whl", hash = "sha256:3dad93b1f973c6d1db4b6a5da8690c5625a3fa32bdf38e543a6936e634b83dc3"},
    {file = "ruff-0.0.286-py3-none-musllinux_1_2_i686.whl", hash = "sha256:26afc0851f4fc3738afcf30f5f8b8612a31ac3455cb76e611deea80f5c0bf3ce"},
    {file = "ruff-0.0.286-py3-none-musllinux_1_2_x86_64.whl", hash = "sha256:9b6b116d1c4000de1b9bf027131dbc3b8a70507788f794c6b09509d28952c512"},
    {file = "ruff-0.0.286-py3-none-win32.whl", hash = "sha256:556e965ac07c1e8c1c2d759ac512e526ecff62c00fde1a046acb088d3cbc1a6c"},
    {file = "ruff-0.0.286-py3-none-win_amd64.whl", hash = "sha256:5d295c758961376c84aaa92d16e643d110be32add7465e197bfdaec5a431a107"},
    {file = "ruff-0.0.286-py3-none-win_arm64.whl", hash = "sha256:1d6142d53ab7f164204b3133d053c4958d4d11ec3a39abf23a40b13b0784e3f0"},
    {file = "ruff-0.0.286.tar.gz", hash = "sha256:f1e9d169cce81a384a26ee5bb8c919fe9ae88255f39a1a69fd1ebab233a85ed2"},
]

[[package]]
name = "six"
version = "1.16.0"
description = "Python 2 and 3 compatibility utilities"
optional = false
python-versions = ">=2.7, !=3.0.*, !=3.1.*, !=3.2.*"
files = [
    {file = "six-1.16.0-py2.py3-none-any.whl", hash = "sha256:8abb2f1d86890a2dfb989f9a77cfcfd3e47c2a354b01111771326f8aa26e0254"},
    {file = "six-1.16.0.tar.gz", hash = "sha256:1e61c37477a1626458e36f7b1d82aa5c9b094fa4802892072e49de9c60c4c926"},
]

[[package]]
name = "time-machine"
version = "2.12.0"
description = "Travel through time in your tests."
optional = true
python-versions = ">=3.8"
files = [
    {file = "time_machine-2.12.0-cp310-cp310-macosx_10_9_universal2.whl", hash = "sha256:786efcc336edc196e5a854a73ff714be198bc57da6856064083677a188c8e018"},
    {file = "time_machine-2.12.0-cp310-cp310-macosx_10_9_x86_64.whl", hash = "sha256:35ec4170e5045ac0d5dfb1255320e301d5b6fc359f9cf36010007bf572888e73"},
    {file = "time_machine-2.12.0-cp310-cp310-manylinux_2_17_aarch64.manylinux2014_aarch64.whl", hash = "sha256:47dc877f3a475d0e818b31a6ad6fc1fbe40f334dcd73d2cb076057aff4d73beb"},
    {file = "time_machine-2.12.0-cp310-cp310-manylinux_2_5_i686.manylinux1_i686.manylinux_2_17_i686.manylinux2014_i686.whl", hash = "sha256:fcb41d70da706e14a805fcbf42bdb17435d4a91420bd5b6a88f8f61beb95b862"},
    {file = "time_machine-2.12.0-cp310-cp310-manylinux_2_5_x86_64.manylinux1_x86_64.manylinux_2_17_x86_64.manylinux2014_x86_64.whl", hash = "sha256:8676471983482522f3e124ad2c8fe38d6d6ed957379504910d2ea0c646d96cb4"},
    {file = "time_machine-2.12.0-cp310-cp310-musllinux_1_1_aarch64.whl", hash = "sha256:1e3b07d7aa993a2f24e3a2ef5a216869f0a1fcaaba6227ad73b265c4f15feca5"},
    {file = "time_machine-2.12.0-cp310-cp310-musllinux_1_1_i686.whl", hash = "sha256:328266ea13f0c517cdf758c16a2d83f0118516b8ac7910bba4eba6d4d3b3b2f1"},
    {file = "time_machine-2.12.0-cp310-cp310-musllinux_1_1_x86_64.whl", hash = "sha256:496a47e2eef78893eb6915d0a5215c59346ebe29d5c88a56301ed74deebe45cc"},
    {file = "time_machine-2.12.0-cp310-cp310-win32.whl", hash = "sha256:d7442e9cffccd76115521f8d64c270e923e566e9487ba9da9824149653cf0641"},
    {file = "time_machine-2.12.0-cp310-cp310-win_amd64.whl", hash = "sha256:796968ca8e770ee1121fe209a18cee9bd462bc0cacf57e2b1d528df08c6f18d6"},
    {file = "time_machine-2.12.0-cp310-cp310-win_arm64.whl", hash = "sha256:a525dd4fd6f7a2ecf2b54fce3c8b9982650dc570992ca6e38987c3922684099a"},
    {file = "time_machine-2.12.0-cp311-cp311-macosx_10_9_universal2.whl", hash = "sha256:ead6c3a1858c551b4edbba781d48892a487fda6ef6416c87f8ed559bfb29c904"},
    {file = "time_machine-2.12.0-cp311-cp311-macosx_10_9_x86_64.whl", hash = "sha256:93c84850c9e529433613af2b2097634d27b30e9853271b6ea1384ee00be5424a"},
    {file = "time_machine-2.12.0-cp311-cp311-macosx_13_0_arm64.whl", hash = "sha256:8ec623cff18e328781ab7a6251f1ee77e225f14e1f5a26633028a14b7d90ed82"},
    {file = "time_machine-2.12.0-cp311-cp311-manylinux_2_17_aarch64.manylinux2014_aarch64.whl", hash = "sha256:b3fe070414ef05359c55bbbf94b7a895d532af726705e6f33e6f2eeb26326042"},
    {file = "time_machine-2.12.0-cp311-cp311-manylinux_2_5_i686.manylinux1_i686.manylinux_2_17_i686.manylinux2014_i686.whl", hash = "sha256:43a4a5d722f7a6b6ee8f1d3cdeffe6d7c3421452219dce0d22778e6810fb645c"},
    {file = "time_machine-2.12.0-cp311-cp311-manylinux_2_5_x86_64.manylinux1_x86_64.manylinux_2_17_x86_64.manylinux2014_x86_64.whl", hash = "sha256:fc80ba01ff5663c74ce74c9ee2267dbf900ee8e8d18d55937b5e83eb1e179998"},
    {file = "time_machine-2.12.0-cp311-cp311-musllinux_1_1_aarch64.whl", hash = "sha256:d4f546b262e0d955376bf0af9a4de13a910f5f27c5e44e4db46ceea61b4c4a7d"},
    {file = "time_machine-2.12.0-cp311-cp311-musllinux_1_1_i686.whl", hash = "sha256:05f7320851edb3e887d79a5c797966c8c1b64458fb8b8ee74982c6593606a387"},
    {file = "time_machine-2.12.0-cp311-cp311-musllinux_1_1_x86_64.whl", hash = "sha256:669437542e9027db55e06ff05e848a9cb0e88d1fc6e659b412e9721be227b9be"},
    {file = "time_machine-2.12.0-cp311-cp311-win32.whl", hash = "sha256:82062eef6096c42ce14c7c07a7898caa3d696ac189fdb1586f59562893f6abf4"},
    {file = "time_machine-2.12.0-cp311-cp311-win_amd64.whl", hash = "sha256:8176eba6b182f88fa8afd9a964c9391b73f3456f6c2f59bb2514957ec6269724"},
    {file = "time_machine-2.12.0-cp311-cp311-win_arm64.whl", hash = "sha256:d09aaa1d323c4a4b5b4569f44a02bb24ba5030b55adc9710a895843796363c0c"},
    {file = "time_machine-2.12.0-cp312-cp312-macosx_10_9_universal2.whl", hash = "sha256:2b84449a2b170ed51c26a725a2ca983bc98490c5f23d28e9473402adc7e694ba"},
    {file = "time_machine-2.12.0-cp312-cp312-macosx_10_9_x86_64.whl", hash = "sha256:b9dec9619ff5e89798e9cfb5e2a53e1eed18afa1b20460d7158fa2db94dd2d3b"},
    {file = "time_machine-2.12.0-cp312-cp312-manylinux_2_17_aarch64.manylinux2014_aarch64.whl", hash = "sha256:a1b7b1b758de72de73fcf063be8ae9e2e98dd4bab0e6cd8b32c8e7d0462d78b0"},
    {file = "time_machine-2.12.0-cp312-cp312-manylinux_2_5_i686.manylinux1_i686.manylinux_2_17_i686.manylinux2014_i686.whl", hash = "sha256:a9f13f8c8dc72541654830d16efcc6249969bac1cbe591bee4a0ac19490592e2"},
    {file = "time_machine-2.12.0-cp312-cp312-manylinux_2_5_x86_64.manylinux1_x86_64.manylinux_2_17_x86_64.manylinux2014_x86_64.whl", hash = "sha256:8c764bd6690b83a72b4294934774044c8cea4356cb9b103b7dbb8232242b3047"},
    {file = "time_machine-2.12.0-cp312-cp312-musllinux_1_1_aarch64.whl", hash = "sha256:fafb423453e711ea95a669373bdaf628e9e8a0c606c1366499835f3e446554dc"},
    {file = "time_machine-2.12.0-cp312-cp312-musllinux_1_1_i686.whl", hash = "sha256:26d2be6009151de7aa210e8569c49eece6563b8beb7e290ebd4a10b2b8d2fc5c"},
    {file = "time_machine-2.12.0-cp312-cp312-musllinux_1_1_x86_64.whl", hash = "sha256:81b88ac04e61c772854fa85b8e04428e3068fe690487a50b69bb07dda2168c36"},
    {file = "time_machine-2.12.0-cp312-cp312-win32.whl", hash = "sha256:58ec76d58dcc3ab6a3d7951ae08ae99c7b413a40c7e8255c106b5df4f768f8dd"},
    {file = "time_machine-2.12.0-cp312-cp312-win_amd64.whl", hash = "sha256:156fdd17fde2a3ea9c41a8108b8ac877e4f90a7ac5e6db533ab6ecb86f723891"},
    {file = "time_machine-2.12.0-cp312-cp312-win_arm64.whl", hash = "sha256:5240e1cb013826449a5065062b47a46ce3d431fc47cbddc938e3c05e3fe4a951"},
    {file = "time_machine-2.12.0-cp38-cp38-macosx_10_9_universal2.whl", hash = "sha256:bb60d061978487db5cba8a20fb84b3ae29af5ca004a0e991cd5eaa31b0851b59"},
    {file = "time_machine-2.12.0-cp38-cp38-macosx_10_9_x86_64.whl", hash = "sha256:e8d5ae0f0a25b3aa7207688edf23de514f918a91ea05edbeffdbdd56d8497c13"},
    {file = "time_machine-2.12.0-cp38-cp38-manylinux_2_17_aarch64.manylinux2014_aarch64.whl", hash = "sha256:3992b9285c75c6f74fabfdb0ca7f17f12e22d0fc631ff43d0e110ccd53382569"},
    {file = "time_machine-2.12.0-cp38-cp38-manylinux_2_5_i686.manylinux1_i686.manylinux_2_17_i686.manylinux2014_i686.whl", hash = "sha256:33ee51c6f9f02d7b1d792d379b42321a3d13b819ecd8d136fb287be4adc7b9da"},
    {file = "time_machine-2.12.0-cp38-cp38-manylinux_2_5_x86_64.manylinux1_x86_64.manylinux_2_17_x86_64.manylinux2014_x86_64.whl", hash = "sha256:715956ef123645ef22d1c7a13963bb9bc50c02b8578797704715a410bfa49575"},
    {file = "time_machine-2.12.0-cp38-cp38-musllinux_1_1_aarch64.whl", hash = "sha256:e45505414fba93a15957a43ff52bbf737c3ef7905464eb16ef45e1395e95206d"},
    {file = "time_machine-2.12.0-cp38-cp38-musllinux_1_1_i686.whl", hash = "sha256:4bd89a8bf7756b50de180258517004f30857deea82c1841f291a2c8e25cfaa83"},
    {file = "time_machine-2.12.0-cp38-cp38-musllinux_1_1_x86_64.whl", hash = "sha256:9c389ef8508f787ff1ec963b473838616773db8e00bc043cab9374f36d9e8201"},
    {file = "time_machine-2.12.0-cp38-cp38-win32.whl", hash = "sha256:5e62e45a71674b5df9f9275ffbb342c78ba026c9b556478d0b4bc4470e9f2b4b"},
    {file = "time_machine-2.12.0-cp38-cp38-win_amd64.whl", hash = "sha256:9ac560499086184142b0a0b28eca0ea1d245e9df1c008ef3356b0e3ea6cb1536"},
    {file = "time_machine-2.12.0-cp39-cp39-macosx_10_9_universal2.whl", hash = "sha256:b535a2524e1adbac3c8028c49cdceb764f800ca95c2f7421aad11c5d4c274ed7"},
    {file = "time_machine-2.12.0-cp39-cp39-macosx_10_9_x86_64.whl", hash = "sha256:d365d6e0faaf6bcddacfb71d8c033011b7a65f1a94142350a1bc9da3c85bfb8e"},
    {file = "time_machine-2.12.0-cp39-cp39-manylinux_2_17_aarch64.manylinux2014_aarch64.whl", hash = "sha256:0f9c48f19a6af887ac769740e914f8eb8e406a3d33a651e107f28bba1adc3796"},
    {file = "time_machine-2.12.0-cp39-cp39-manylinux_2_5_i686.manylinux1_i686.manylinux_2_17_i686.manylinux2014_i686.whl", hash = "sha256:2a0a3fb0c316c23b0d79810cf7a158c7d4671acc02a5dfa5cda7aa673478a0dc"},
    {file = "time_machine-2.12.0-cp39-cp39-manylinux_2_5_x86_64.manylinux1_x86_64.manylinux_2_17_x86_64.manylinux2014_x86_64.whl", hash = "sha256:353b6b43e43aee22df79194584c587225ec1a06a2f444099ada2096d806d602e"},
    {file = "time_machine-2.12.0-cp39-cp39-musllinux_1_1_aarch64.whl", hash = "sha256:0613aef850db722f2ceee1923d67fc050ae8d6a09fa2cd1ca1dae0748864e6d7"},
    {file = "time_machine-2.12.0-cp39-cp39-musllinux_1_1_i686.whl", hash = "sha256:a5304de3e41c33cd6e4be7b85f09409b1059b9ff6a8289482352c42fb50b4e42"},
    {file = "time_machine-2.12.0-cp39-cp39-musllinux_1_1_x86_64.whl", hash = "sha256:4cf10267610244d4398312c4eea5cfc2f68f9a0286260d2157d45d1a54dcc6b2"},
    {file = "time_machine-2.12.0-cp39-cp39-win32.whl", hash = "sha256:9b255feaa4f3c46c7ebd1319a630ee1e3aa87078c9b428f9428980597c3ce830"},
    {file = "time_machine-2.12.0-cp39-cp39-win_amd64.whl", hash = "sha256:81095391ccef01c56b6061248216da4e2d749b543952fce199b628b8a8ce5ca2"},
    {file = "time_machine-2.12.0-cp39-cp39-win_arm64.whl", hash = "sha256:dfe8b2478b4c3556a913b187ce598ad2afd07e6acfcf652be8e5a56dee2bf200"},
    {file = "time_machine-2.12.0.tar.gz", hash = "sha256:e0c98003096624cc70caa5743fe6a1fd0e97ffeaf9b44560e4158b0e1a38168e"},
]

[package.dependencies]
python-dateutil = "*"

[[package]]
name = "toml"
version = "0.10.2"
description = "Python Library for Tom's Obvious, Minimal Language"
optional = false
python-versions = ">=2.6, !=3.0.*, !=3.1.*, !=3.2.*"
files = [
    {file = "toml-0.10.2-py2.py3-none-any.whl", hash = "sha256:806143ae5bfb6a3c6e736a764057db0e6a0e05e338b5630894a5f779cabb4f9b"},
    {file = "toml-0.10.2.tar.gz", hash = "sha256:b3bda1d108d5dd99f4a20d24d9c348e91c4db7ab1b749200bded2f839ccbe68f"},
]

[[package]]
name = "typing-extensions"
version = "4.7.1"
description = "Backported and Experimental Type Hints for Python 3.7+"
optional = false
python-versions = ">=3.7"
files = [
    {file = "typing_extensions-4.7.1-py3-none-any.whl", hash = "sha256:440d5dd3af93b060174bf433bccd69b0babc3b15b1a8dca43789fd7f61514b36"},
    {file = "typing_extensions-4.7.1.tar.gz", hash = "sha256:b75ddc264f0ba5615db7ba217daeb99701ad295353c45f9e95963337ceeeffb2"},
]

[extras]
time-machine = ["time-machine"]

[metadata]
lock-version = "2.0"
python-versions = "^3.8"
content-hash = "8b4dbc16a0a7f1eb23a80518ab9350596aadd6b5ae9441827efc62dafa7fa69b"
